// !$*UTF8*$!
{
	archiveVersion = 1;
	classes = {
	};
	objectVersion = 46;
	objects = {

/* Begin PBXBuildFile section */
		661F88B81C5BB64C00AB6C41 /* NIHero.m in Sources */ = {isa = PBXBuildFile; fileRef = 661F88B71C5BB64C00AB6C41 /* NIHero.m */; };
		661F88F81C5C062900AB6C41 /* GreenMan.atlas in Resources */ = {isa = PBXBuildFile; fileRef = 661F88F71C5C062900AB6C41 /* GreenMan.atlas */; };
		661FCE411C5E480B005939C0 /* Fire.atlas in Resources */ = {isa = PBXBuildFile; fileRef = 661FCE401C5E480B005939C0 /* Fire.atlas */; };
		664BCD101C5D1137000636C8 /* NIWorldGenerator.m in Sources */ = {isa = PBXBuildFile; fileRef = 664BCD0F1C5D1137000636C8 /* NIWorldGenerator.m */; };
		664BCD131C5D32F0000636C8 /* NIPointsLabel.m in Sources */ = {isa = PBXBuildFile; fileRef = 664BCD121C5D32F0000636C8 /* NIPointsLabel.m */; };
		664BCD161C5D3C71000636C8 /* NIScoreMenuImage.m in Sources */ = {isa = PBXBuildFile; fileRef = 664BCD151C5D3C71000636C8 /* NIScoreMenuImage.m */; };
		6653933B1C64D73C00D82F8A /* Scoreboard.xcdatamodeld in Sources */ = {isa = PBXBuildFile; fileRef = 665393391C64D73C00D82F8A /* Scoreboard.xcdatamodeld */; };
		665393511C65056700D82F8A /* Player+CoreDataProperties.m in Sources */ = {isa = PBXBuildFile; fileRef = 6653934A1C65056700D82F8A /* Player+CoreDataProperties.m */; };
		665393521C65056700D82F8A /* Player.m in Sources */ = {isa = PBXBuildFile; fileRef = 6653934C1C65056700D82F8A /* Player.m */; };
		665393531C65056700D82F8A /* Score+CoreDataProperties.m in Sources */ = {isa = PBXBuildFile; fileRef = 6653934E1C65056700D82F8A /* Score+CoreDataProperties.m */; };
		665393541C65056700D82F8A /* Score.m in Sources */ = {isa = PBXBuildFile; fileRef = 665393501C65056700D82F8A /* Score.m */; };
		665393611C6523FC00D82F8A /* Question+CoreDataProperties.m in Sources */ = {isa = PBXBuildFile; fileRef = 6653935C1C6523FC00D82F8A /* Question+CoreDataProperties.m */; };
		665393621C6523FC00D82F8A /* Question.m in Sources */ = {isa = PBXBuildFile; fileRef = 6653935E1C6523FC00D82F8A /* Question.m */; };
		665393671C6528EE00D82F8A /* Answer+CoreDataProperties.m in Sources */ = {isa = PBXBuildFile; fileRef = 665393641C6528EE00D82F8A /* Answer+CoreDataProperties.m */; };
		665393681C6528EE00D82F8A /* Answer.m in Sources */ = {isa = PBXBuildFile; fileRef = 665393661C6528EE00D82F8A /* Answer.m */; };
		6653936B1C653B5800D82F8A /* NIQuizButton.m in Sources */ = {isa = PBXBuildFile; fileRef = 6653936A1C653B5800D82F8A /* NIQuizButton.m */; };
		6659C5771C5B92E1003C40B1 /* main.m in Sources */ = {isa = PBXBuildFile; fileRef = 6659C5761C5B92E1003C40B1 /* main.m */; };
		6659C57A1C5B92E1003C40B1 /* AppDelegate.m in Sources */ = {isa = PBXBuildFile; fileRef = 6659C5791C5B92E1003C40B1 /* AppDelegate.m */; };
		6659C57D1C5B92E1003C40B1 /* GameScene.m in Sources */ = {isa = PBXBuildFile; fileRef = 6659C57C1C5B92E1003C40B1 /* GameScene.m */; };
		6659C5821C5B92E1003C40B1 /* GameViewController.m in Sources */ = {isa = PBXBuildFile; fileRef = 6659C5811C5B92E1003C40B1 /* GameViewController.m */; };
		6659C5851C5B92E1003C40B1 /* Main.storyboard in Resources */ = {isa = PBXBuildFile; fileRef = 6659C5831C5B92E1003C40B1 /* Main.storyboard */; };
		6659C5871C5B92E1003C40B1 /* Assets.xcassets in Resources */ = {isa = PBXBuildFile; fileRef = 6659C5861C5B92E1003C40B1 /* Assets.xcassets */; };
		6659C58A1C5B92E1003C40B1 /* LaunchScreen.storyboard in Resources */ = {isa = PBXBuildFile; fileRef = 6659C5881C5B92E1003C40B1 /* LaunchScreen.storyboard */; };
		668C0F8C1C60CA59003AA207 /* AlienNinja.atlas in Resources */ = {isa = PBXBuildFile; fileRef = 668C0F8B1C60CA59003AA207 /* AlienNinja.atlas */; };
		668C0F8E1C60D3BC003AA207 /* Snake.atlas in Resources */ = {isa = PBXBuildFile; fileRef = 668C0F8D1C60D3BC003AA207 /* Snake.atlas */; };
		668E11C11C62C9D200D0D052 /* Teleport.atlas in Resources */ = {isa = PBXBuildFile; fileRef = 668E11C01C62C9D200D0D052 /* Teleport.atlas */; };
		66CFE2F11C639CED00EC4B6C /* CoreData.framework in Frameworks */ = {isa = PBXBuildFile; fileRef = 66CFE2F01C639CED00EC4B6C /* CoreData.framework */; };
		66CFE3221C63A4C200EC4B6C /* NIGameData.m in Sources */ = {isa = PBXBuildFile; fileRef = 66CFE3211C63A4C200EC4B6C /* NIGameData.m */; };
		66E1B94E1C5F7CDE006325EB /* GreenManRed.atlas in Resources */ = {isa = PBXBuildFile; fileRef = 66E1B94D1C5F7CDE006325EB /* GreenManRed.atlas */; };
		66E1B9541C60072D006325EB /* StartupViewController.m in Sources */ = {isa = PBXBuildFile; fileRef = 66E1B9531C60072D006325EB /* StartupViewController.m */; };
/* End PBXBuildFile section */

/* Begin PBXFileReference section */
		661F88B61C5BB64C00AB6C41 /* NIHero.h */ = {isa = PBXFileReference; fileEncoding = 4; lastKnownFileType = sourcecode.c.h; path = NIHero.h; sourceTree = "<group>"; };
		661F88B71C5BB64C00AB6C41 /* NIHero.m */ = {isa = PBXFileReference; fileEncoding = 4; lastKnownFileType = sourcecode.c.objc; path = NIHero.m; sourceTree = "<group>"; };
		661F88F71C5C062900AB6C41 /* GreenMan.atlas */ = {isa = PBXFileReference; lastKnownFileType = folder.skatlas; path = GreenMan.atlas; sourceTree = "<group>"; };
		661FCE401C5E480B005939C0 /* Fire.atlas */ = {isa = PBXFileReference; lastKnownFileType = folder.skatlas; path = Fire.atlas; sourceTree = "<group>"; };
		664BCD0E1C5D1137000636C8 /* NIWorldGenerator.h */ = {isa = PBXFileReference; fileEncoding = 4; lastKnownFileType = sourcecode.c.h; path = NIWorldGenerator.h; sourceTree = "<group>"; };
		664BCD0F1C5D1137000636C8 /* NIWorldGenerator.m */ = {isa = PBXFileReference; fileEncoding = 4; lastKnownFileType = sourcecode.c.objc; path = NIWorldGenerator.m; sourceTree = "<group>"; };
		664BCD111C5D32F0000636C8 /* NIPointsLabel.h */ = {isa = PBXFileReference; fileEncoding = 4; lastKnownFileType = sourcecode.c.h; path = NIPointsLabel.h; sourceTree = "<group>"; };
		664BCD121C5D32F0000636C8 /* NIPointsLabel.m */ = {isa = PBXFileReference; fileEncoding = 4; lastKnownFileType = sourcecode.c.objc; path = NIPointsLabel.m; sourceTree = "<group>"; };
		664BCD141C5D3C71000636C8 /* NIScoreMenuImage.h */ = {isa = PBXFileReference; fileEncoding = 4; lastKnownFileType = sourcecode.c.h; path = NIScoreMenuImage.h; sourceTree = "<group>"; };
		664BCD151C5D3C71000636C8 /* NIScoreMenuImage.m */ = {isa = PBXFileReference; fileEncoding = 4; lastKnownFileType = sourcecode.c.objc; path = NIScoreMenuImage.m; sourceTree = "<group>"; };
		6653933A1C64D73C00D82F8A /* Scoreboard.xcdatamodel */ = {isa = PBXFileReference; lastKnownFileType = wrapper.xcdatamodel; path = Scoreboard.xcdatamodel; sourceTree = "<group>"; };
		665393491C65056700D82F8A /* Player+CoreDataProperties.h */ = {isa = PBXFileReference; fileEncoding = 4; lastKnownFileType = sourcecode.c.h; name = "Player+CoreDataProperties.h"; path = "../Player+CoreDataProperties.h"; sourceTree = "<group>"; };
		6653934A1C65056700D82F8A /* Player+CoreDataProperties.m */ = {isa = PBXFileReference; fileEncoding = 4; lastKnownFileType = sourcecode.c.objc; name = "Player+CoreDataProperties.m"; path = "../Player+CoreDataProperties.m"; sourceTree = "<group>"; };
		6653934B1C65056700D82F8A /* Player.h */ = {isa = PBXFileReference; fileEncoding = 4; lastKnownFileType = sourcecode.c.h; name = Player.h; path = ../Player.h; sourceTree = "<group>"; };
		6653934C1C65056700D82F8A /* Player.m */ = {isa = PBXFileReference; fileEncoding = 4; lastKnownFileType = sourcecode.c.objc; name = Player.m; path = ../Player.m; sourceTree = "<group>"; };
		6653934D1C65056700D82F8A /* Score+CoreDataProperties.h */ = {isa = PBXFileReference; fileEncoding = 4; lastKnownFileType = sourcecode.c.h; name = "Score+CoreDataProperties.h"; path = "../Score+CoreDataProperties.h"; sourceTree = "<group>"; };
		6653934E1C65056700D82F8A /* Score+CoreDataProperties.m */ = {isa = PBXFileReference; fileEncoding = 4; lastKnownFileType = sourcecode.c.objc; name = "Score+CoreDataProperties.m"; path = "../Score+CoreDataProperties.m"; sourceTree = "<group>"; };
		6653934F1C65056700D82F8A /* Score.h */ = {isa = PBXFileReference; fileEncoding = 4; lastKnownFileType = sourcecode.c.h; name = Score.h; path = ../Score.h; sourceTree = "<group>"; };
		665393501C65056700D82F8A /* Score.m */ = {isa = PBXFileReference; fileEncoding = 4; lastKnownFileType = sourcecode.c.objc; name = Score.m; path = ../Score.m; sourceTree = "<group>"; };
		6653935B1C6523FC00D82F8A /* Question+CoreDataProperties.h */ = {isa = PBXFileReference; fileEncoding = 4; lastKnownFileType = sourcecode.c.h; path = "Question+CoreDataProperties.h"; sourceTree = "<group>"; };
		6653935C1C6523FC00D82F8A /* Question+CoreDataProperties.m */ = {isa = PBXFileReference; fileEncoding = 4; lastKnownFileType = sourcecode.c.objc; path = "Question+CoreDataProperties.m"; sourceTree = "<group>"; };
		6653935D1C6523FC00D82F8A /* Question.h */ = {isa = PBXFileReference; fileEncoding = 4; lastKnownFileType = sourcecode.c.h; path = Question.h; sourceTree = "<group>"; };
		6653935E1C6523FC00D82F8A /* Question.m */ = {isa = PBXFileReference; fileEncoding = 4; lastKnownFileType = sourcecode.c.objc; path = Question.m; sourceTree = "<group>"; };
		665393631C6528EE00D82F8A /* Answer+CoreDataProperties.h */ = {isa = PBXFileReference; fileEncoding = 4; lastKnownFileType = sourcecode.c.h; name = "Answer+CoreDataProperties.h"; path = "../Answer+CoreDataProperties.h"; sourceTree = "<group>"; };
		665393641C6528EE00D82F8A /* Answer+CoreDataProperties.m */ = {isa = PBXFileReference; fileEncoding = 4; lastKnownFileType = sourcecode.c.objc; name = "Answer+CoreDataProperties.m"; path = "../Answer+CoreDataProperties.m"; sourceTree = "<group>"; };
		665393651C6528EE00D82F8A /* Answer.h */ = {isa = PBXFileReference; fileEncoding = 4; lastKnownFileType = sourcecode.c.h; name = Answer.h; path = ../Answer.h; sourceTree = "<group>"; };
		665393661C6528EE00D82F8A /* Answer.m */ = {isa = PBXFileReference; fileEncoding = 4; lastKnownFileType = sourcecode.c.objc; name = Answer.m; path = ../Answer.m; sourceTree = "<group>"; };
		665393691C653B5800D82F8A /* NIQuizButton.h */ = {isa = PBXFileReference; fileEncoding = 4; lastKnownFileType = sourcecode.c.h; path = NIQuizButton.h; sourceTree = "<group>"; };
		6653936A1C653B5800D82F8A /* NIQuizButton.m */ = {isa = PBXFileReference; fileEncoding = 4; lastKnownFileType = sourcecode.c.objc; path = NIQuizButton.m; sourceTree = "<group>"; };
		6659C5721C5B92E1003C40B1 /* NiinjaDev.app */ = {isa = PBXFileReference; explicitFileType = wrapper.application; includeInIndex = 0; path = NiinjaDev.app; sourceTree = BUILT_PRODUCTS_DIR; };
		6659C5761C5B92E1003C40B1 /* main.m */ = {isa = PBXFileReference; lastKnownFileType = sourcecode.c.objc; path = main.m; sourceTree = "<group>"; };
		6659C5781C5B92E1003C40B1 /* AppDelegate.h */ = {isa = PBXFileReference; lastKnownFileType = sourcecode.c.h; path = AppDelegate.h; sourceTree = "<group>"; };
		6659C5791C5B92E1003C40B1 /* AppDelegate.m */ = {isa = PBXFileReference; lastKnownFileType = sourcecode.c.objc; path = AppDelegate.m; sourceTree = "<group>"; };
		6659C57B1C5B92E1003C40B1 /* GameScene.h */ = {isa = PBXFileReference; lastKnownFileType = sourcecode.c.h; path = GameScene.h; sourceTree = "<group>"; };
		6659C57C1C5B92E1003C40B1 /* GameScene.m */ = {isa = PBXFileReference; lastKnownFileType = sourcecode.c.objc; path = GameScene.m; sourceTree = "<group>"; };
		6659C5801C5B92E1003C40B1 /* GameViewController.h */ = {isa = PBXFileReference; lastKnownFileType = sourcecode.c.h; path = GameViewController.h; sourceTree = "<group>"; };
		6659C5811C5B92E1003C40B1 /* GameViewController.m */ = {isa = PBXFileReference; lastKnownFileType = sourcecode.c.objc; path = GameViewController.m; sourceTree = "<group>"; };
		6659C5841C5B92E1003C40B1 /* Base */ = {isa = PBXFileReference; lastKnownFileType = file.storyboard; name = Base; path = Base.lproj/Main.storyboard; sourceTree = "<group>"; };
		6659C5861C5B92E1003C40B1 /* Assets.xcassets */ = {isa = PBXFileReference; lastKnownFileType = folder.assetcatalog; path = Assets.xcassets; sourceTree = "<group>"; };
		6659C5891C5B92E1003C40B1 /* Base */ = {isa = PBXFileReference; lastKnownFileType = file.storyboard; name = Base; path = Base.lproj/LaunchScreen.storyboard; sourceTree = "<group>"; };
		6659C58B1C5B92E1003C40B1 /* Info.plist */ = {isa = PBXFileReference; lastKnownFileType = text.plist.xml; path = Info.plist; sourceTree = "<group>"; };
		668C0F8B1C60CA59003AA207 /* AlienNinja.atlas */ = {isa = PBXFileReference; lastKnownFileType = folder.skatlas; path = AlienNinja.atlas; sourceTree = "<group>"; };
		668C0F8D1C60D3BC003AA207 /* Snake.atlas */ = {isa = PBXFileReference; lastKnownFileType = folder.skatlas; path = Snake.atlas; sourceTree = "<group>"; };
		668E11C01C62C9D200D0D052 /* Teleport.atlas */ = {isa = PBXFileReference; lastKnownFileType = folder.skatlas; path = Teleport.atlas; sourceTree = "<group>"; };
		66CFE2F01C639CED00EC4B6C /* CoreData.framework */ = {isa = PBXFileReference; lastKnownFileType = wrapper.framework; name = CoreData.framework; path = System/Library/Frameworks/CoreData.framework; sourceTree = SDKROOT; };
		66CFE3201C63A4C200EC4B6C /* NIGameData.h */ = {isa = PBXFileReference; fileEncoding = 4; lastKnownFileType = sourcecode.c.h; path = NIGameData.h; sourceTree = "<group>"; };
		66CFE3211C63A4C200EC4B6C /* NIGameData.m */ = {isa = PBXFileReference; fileEncoding = 4; lastKnownFileType = sourcecode.c.objc; path = NIGameData.m; sourceTree = "<group>"; };
		66E1B94D1C5F7CDE006325EB /* GreenManRed.atlas */ = {isa = PBXFileReference; lastKnownFileType = folder.skatlas; path = GreenManRed.atlas; sourceTree = "<group>"; };
		66E1B9521C60072D006325EB /* StartupViewController.h */ = {isa = PBXFileReference; fileEncoding = 4; lastKnownFileType = sourcecode.c.h; path = StartupViewController.h; sourceTree = "<group>"; };
		66E1B9531C60072D006325EB /* StartupViewController.m */ = {isa = PBXFileReference; fileEncoding = 4; lastKnownFileType = sourcecode.c.objc; path = StartupViewController.m; sourceTree = "<group>"; };
/* End PBXFileReference section */

/* Begin PBXFrameworksBuildPhase section */
		6659C56F1C5B92E0003C40B1 /* Frameworks */ = {
			isa = PBXFrameworksBuildPhase;
			buildActionMask = 2147483647;
			files = (
				66CFE2F11C639CED00EC4B6C /* CoreData.framework in Frameworks */,
			);
			runOnlyForDeploymentPostprocessing = 0;
		};
/* End PBXFrameworksBuildPhase section */

/* Begin PBXGroup section */
		6653933C1C65043B00D82F8A /* Entities */ = {
			isa = PBXGroup;
			children = (
				665393631C6528EE00D82F8A /* Answer+CoreDataProperties.h */,
				665393641C6528EE00D82F8A /* Answer+CoreDataProperties.m */,
				665393651C6528EE00D82F8A /* Answer.h */,
				665393661C6528EE00D82F8A /* Answer.m */,
				665393491C65056700D82F8A /* Player+CoreDataProperties.h */,
				6653934A1C65056700D82F8A /* Player+CoreDataProperties.m */,
				6653934B1C65056700D82F8A /* Player.h */,
				6653934C1C65056700D82F8A /* Player.m */,
				6653934D1C65056700D82F8A /* Score+CoreDataProperties.h */,
				6653934E1C65056700D82F8A /* Score+CoreDataProperties.m */,
				6653934F1C65056700D82F8A /* Score.h */,
				665393501C65056700D82F8A /* Score.m */,
				665393391C64D73C00D82F8A /* Scoreboard.xcdatamodeld */,
				6653935B1C6523FC00D82F8A /* Question+CoreDataProperties.h */,
				6653935C1C6523FC00D82F8A /* Question+CoreDataProperties.m */,
				6653935D1C6523FC00D82F8A /* Question.h */,
				6653935E1C6523FC00D82F8A /* Question.m */,
			);
			name = Entities;
			sourceTree = "<group>";
		};
		665393551C651FA300D82F8A /* Frameworks */ = {
			isa = PBXGroup;
			children = (
				66CFE2F01C639CED00EC4B6C /* CoreData.framework */,
			);
			name = Frameworks;
			sourceTree = "<group>";
		};
		6653936C1C6566B000D82F8A /* Atlases */ = {
			isa = PBXGroup;
			children = (
				668E11C01C62C9D200D0D052 /* Teleport.atlas */,
				668C0F8D1C60D3BC003AA207 /* Snake.atlas */,
				668C0F8B1C60CA59003AA207 /* AlienNinja.atlas */,
				66E1B94D1C5F7CDE006325EB /* GreenManRed.atlas */,
				661FCE401C5E480B005939C0 /* Fire.atlas */,
				661F88F71C5C062900AB6C41 /* GreenMan.atlas */,
			);
			name = Atlases;
			sourceTree = "<group>";
		};
		6659C5691C5B92E0003C40B1 = {
			isa = PBXGroup;
			children = (
				665393551C651FA300D82F8A /* Frameworks */,
				6659C5741C5B92E1003C40B1 /* NiinjaDev */,
				6659C5731C5B92E1003C40B1 /* Products */,
			);
			sourceTree = "<group>";
		};
		6659C5731C5B92E1003C40B1 /* Products */ = {
			isa = PBXGroup;
			children = (
				6659C5721C5B92E1003C40B1 /* NiinjaDev.app */,
			);
			name = Products;
			sourceTree = "<group>";
		};
		6659C5741C5B92E1003C40B1 /* NiinjaDev */ = {
			isa = PBXGroup;
			children = (
				6653936C1C6566B000D82F8A /* Atlases */,
				6653933C1C65043B00D82F8A /* Entities */,
				66CFE31C1C63A3F500EC4B6C /* Data */,
				66E1B9581C6014A5006325EB /* ViewControllers */,
				6659C5781C5B92E1003C40B1 /* AppDelegate.h */,
				6659C5791C5B92E1003C40B1 /* AppDelegate.m */,
				6659C57B1C5B92E1003C40B1 /* GameScene.h */,
				6659C57C1C5B92E1003C40B1 /* GameScene.m */,
				6659C5831C5B92E1003C40B1 /* Main.storyboard */,
				6659C5861C5B92E1003C40B1 /* Assets.xcassets */,
				6659C5881C5B92E1003C40B1 /* LaunchScreen.storyboard */,
				6659C58B1C5B92E1003C40B1 /* Info.plist */,
				6659C5751C5B92E1003C40B1 /* Supporting Files */,
				661F88B61C5BB64C00AB6C41 /* NIHero.h */,
				661F88B71C5BB64C00AB6C41 /* NIHero.m */,
				665393691C653B5800D82F8A /* NIQuizButton.h */,
				6653936A1C653B5800D82F8A /* NIQuizButton.m */,
				664BCD0E1C5D1137000636C8 /* NIWorldGenerator.h */,
				664BCD0F1C5D1137000636C8 /* NIWorldGenerator.m */,
				664BCD111C5D32F0000636C8 /* NIPointsLabel.h */,
				664BCD121C5D32F0000636C8 /* NIPointsLabel.m */,
				664BCD141C5D3C71000636C8 /* NIScoreMenuImage.h */,
				664BCD151C5D3C71000636C8 /* NIScoreMenuImage.m */,
			);
			path = NiinjaDev;
			sourceTree = "<group>";
		};
		6659C5751C5B92E1003C40B1 /* Supporting Files */ = {
			isa = PBXGroup;
			children = (
				6659C5761C5B92E1003C40B1 /* main.m */,
			);
			name = "Supporting Files";
			sourceTree = "<group>";
		};
		66CFE31C1C63A3F500EC4B6C /* Data */ = {
			isa = PBXGroup;
			children = (
				66CFE3201C63A4C200EC4B6C /* NIGameData.h */,
				66CFE3211C63A4C200EC4B6C /* NIGameData.m */,
			);
			name = Data;
			sourceTree = "<group>";
		};
		66E1B9581C6014A5006325EB /* ViewControllers */ = {
			isa = PBXGroup;
			children = (
				6659C5801C5B92E1003C40B1 /* GameViewController.h */,
				6659C5811C5B92E1003C40B1 /* GameViewController.m */,
				66E1B9521C60072D006325EB /* StartupViewController.h */,
				66E1B9531C60072D006325EB /* StartupViewController.m */,
			);
			name = ViewControllers;
			sourceTree = "<group>";
		};
/* End PBXGroup section */

/* Begin PBXNativeTarget section */
		6659C5711C5B92E0003C40B1 /* NiinjaDev */ = {
			isa = PBXNativeTarget;
			buildConfigurationList = 6659C58E1C5B92E1003C40B1 /* Build configuration list for PBXNativeTarget "NiinjaDev" */;
			buildPhases = (
				6659C56E1C5B92E0003C40B1 /* Sources */,
				6659C56F1C5B92E0003C40B1 /* Frameworks */,
				6659C5701C5B92E0003C40B1 /* Resources */,
			);
			buildRules = (
			);
			dependencies = (
			);
			name = NiinjaDev;
			productName = NiinjaDev;
			productReference = 6659C5721C5B92E1003C40B1 /* NiinjaDev.app */;
			productType = "com.apple.product-type.application";
		};
/* End PBXNativeTarget section */

/* Begin PBXProject section */
		6659C56A1C5B92E0003C40B1 /* Project object */ = {
			isa = PBXProject;
			attributes = {
				LastUpgradeCheck = 0720;
				ORGANIZATIONNAME = "iNick Iliev";
				TargetAttributes = {
					6659C5711C5B92E0003C40B1 = {
						CreatedOnToolsVersion = 7.2;
					};
				};
			};
			buildConfigurationList = 6659C56D1C5B92E0003C40B1 /* Build configuration list for PBXProject "NiinjaDev" */;
			compatibilityVersion = "Xcode 3.2";
			developmentRegion = English;
			hasScannedForEncodings = 0;
			knownRegions = (
				en,
				Base,
			);
			mainGroup = 6659C5691C5B92E0003C40B1;
			productRefGroup = 6659C5731C5B92E1003C40B1 /* Products */;
			projectDirPath = "";
			projectRoot = "";
			targets = (
				6659C5711C5B92E0003C40B1 /* NiinjaDev */,
			);
		};
/* End PBXProject section */

/* Begin PBXResourcesBuildPhase section */
		6659C5701C5B92E0003C40B1 /* Resources */ = {
			isa = PBXResourcesBuildPhase;
			buildActionMask = 2147483647;
			files = (
				668C0F8E1C60D3BC003AA207 /* Snake.atlas in Resources */,
				668C0F8C1C60CA59003AA207 /* AlienNinja.atlas in Resources */,
				661FCE411C5E480B005939C0 /* Fire.atlas in Resources */,
				668E11C11C62C9D200D0D052 /* Teleport.atlas in Resources */,
				6659C58A1C5B92E1003C40B1 /* LaunchScreen.storyboard in Resources */,
				66E1B94E1C5F7CDE006325EB /* GreenManRed.atlas in Resources */,
				6659C5871C5B92E1003C40B1 /* Assets.xcassets in Resources */,
				661F88F81C5C062900AB6C41 /* GreenMan.atlas in Resources */,
				6659C5851C5B92E1003C40B1 /* Main.storyboard in Resources */,
			);
			runOnlyForDeploymentPostprocessing = 0;
		};
/* End PBXResourcesBuildPhase section */

/* Begin PBXSourcesBuildPhase section */
		6659C56E1C5B92E0003C40B1 /* Sources */ = {
			isa = PBXSourcesBuildPhase;
			buildActionMask = 2147483647;
			files = (
				66CFE3221C63A4C200EC4B6C /* NIGameData.m in Sources */,
				665393671C6528EE00D82F8A /* Answer+CoreDataProperties.m in Sources */,
				6659C5821C5B92E1003C40B1 /* GameViewController.m in Sources */,
				664BCD161C5D3C71000636C8 /* NIScoreMenuImage.m in Sources */,
				665393521C65056700D82F8A /* Player.m in Sources */,
				664BCD101C5D1137000636C8 /* NIWorldGenerator.m in Sources */,
				665393621C6523FC00D82F8A /* Question.m in Sources */,
				6659C57A1C5B92E1003C40B1 /* AppDelegate.m in Sources */,
				6659C57D1C5B92E1003C40B1 /* GameScene.m in Sources */,
				665393681C6528EE00D82F8A /* Answer.m in Sources */,
				664BCD131C5D32F0000636C8 /* NIPointsLabel.m in Sources */,
				665393531C65056700D82F8A /* Score+CoreDataProperties.m in Sources */,
				661F88B81C5BB64C00AB6C41 /* NIHero.m in Sources */,
				6659C5771C5B92E1003C40B1 /* main.m in Sources */,
				66E1B9541C60072D006325EB /* StartupViewController.m in Sources */,
				665393541C65056700D82F8A /* Score.m in Sources */,
				665393611C6523FC00D82F8A /* Question+CoreDataProperties.m in Sources */,
				6653936B1C653B5800D82F8A /* NIQuizButton.m in Sources */,
				665393511C65056700D82F8A /* Player+CoreDataProperties.m in Sources */,
				6653933B1C64D73C00D82F8A /* Scoreboard.xcdatamodeld in Sources */,
			);
			runOnlyForDeploymentPostprocessing = 0;
		};
/* End PBXSourcesBuildPhase section */

/* Begin PBXVariantGroup section */
		6659C5831C5B92E1003C40B1 /* Main.storyboard */ = {
			isa = PBXVariantGroup;
			children = (
				6659C5841C5B92E1003C40B1 /* Base */,
			);
			name = Main.storyboard;
			sourceTree = "<group>";
		};
		6659C5881C5B92E1003C40B1 /* LaunchScreen.storyboard */ = {
			isa = PBXVariantGroup;
			children = (
				6659C5891C5B92E1003C40B1 /* Base */,
			);
			name = LaunchScreen.storyboard;
			sourceTree = "<group>";
		};
/* End PBXVariantGroup section */

/* Begin XCBuildConfiguration section */
		6659C58C1C5B92E1003C40B1 /* Debug */ = {
			isa = XCBuildConfiguration;
			buildSettings = {
				ALWAYS_SEARCH_USER_PATHS = NO;
				CLANG_CXX_LANGUAGE_STANDARD = "gnu++0x";
				CLANG_CXX_LIBRARY = "libc++";
				CLANG_ENABLE_MODULES = YES;
				CLANG_ENABLE_OBJC_ARC = YES;
				CLANG_WARN_BOOL_CONVERSION = YES;
				CLANG_WARN_CONSTANT_CONVERSION = YES;
				CLANG_WARN_DIRECT_OBJC_ISA_USAGE = YES_ERROR;
				CLANG_WARN_EMPTY_BODY = YES;
				CLANG_WARN_ENUM_CONVERSION = YES;
				CLANG_WARN_INT_CONVERSION = YES;
				CLANG_WARN_OBJC_ROOT_CLASS = YES_ERROR;
				CLANG_WARN_UNREACHABLE_CODE = YES;
				CLANG_WARN__DUPLICATE_METHOD_MATCH = YES;
				"CODE_SIGN_IDENTITY[sdk=iphoneos*]" = "iPhone Developer";
				COPY_PHASE_STRIP = NO;
				DEBUG_INFORMATION_FORMAT = "dwarf-with-dsym";
				ENABLE_STRICT_OBJC_MSGSEND = YES;
				ENABLE_TESTABILITY = YES;
				GCC_C_LANGUAGE_STANDARD = gnu99;
				GCC_DYNAMIC_NO_PIC = NO;
				GCC_NO_COMMON_BLOCKS = YES;
				GCC_OPTIMIZATION_LEVEL = 0;
				GCC_PREPROCESSOR_DEFINITIONS = (
					"DEBUG=1",
					"$(inherited)",
				);
				GCC_WARN_64_TO_32_BIT_CONVERSION = YES;
				GCC_WARN_ABOUT_RETURN_TYPE = YES_ERROR;
				GCC_WARN_UNDECLARED_SELECTOR = YES;
				GCC_WARN_UNINITIALIZED_AUTOS = YES_AGGRESSIVE;
				GCC_WARN_UNUSED_FUNCTION = YES;
				GCC_WARN_UNUSED_VARIABLE = YES;
				IPHONEOS_DEPLOYMENT_TARGET = 9.2;
				MTL_ENABLE_DEBUG_INFO = YES;
				ONLY_ACTIVE_ARCH = YES;
				SDKROOT = iphoneos;
			};
			name = Debug;
		};
		6659C58D1C5B92E1003C40B1 /* Release */ = {
			isa = XCBuildConfiguration;
			buildSettings = {
				ALWAYS_SEARCH_USER_PATHS = NO;
				CLANG_CXX_LANGUAGE_STANDARD = "gnu++0x";
				CLANG_CXX_LIBRARY = "libc++";
				CLANG_ENABLE_MODULES = YES;
				CLANG_ENABLE_OBJC_ARC = YES;
				CLANG_WARN_BOOL_CONVERSION = YES;
				CLANG_WARN_CONSTANT_CONVERSION = YES;
				CLANG_WARN_DIRECT_OBJC_ISA_USAGE = YES_ERROR;
				CLANG_WARN_EMPTY_BODY = YES;
				CLANG_WARN_ENUM_CONVERSION = YES;
				CLANG_WARN_INT_CONVERSION = YES;
				CLANG_WARN_OBJC_ROOT_CLASS = YES_ERROR;
				CLANG_WARN_UNREACHABLE_CODE = YES;
				CLANG_WARN__DUPLICATE_METHOD_MATCH = YES;
				"CODE_SIGN_IDENTITY[sdk=iphoneos*]" = "iPhone Developer";
				COPY_PHASE_STRIP = NO;
				DEBUG_INFORMATION_FORMAT = "dwarf-with-dsym";
				ENABLE_NS_ASSERTIONS = NO;
				ENABLE_STRICT_OBJC_MSGSEND = YES;
				GCC_C_LANGUAGE_STANDARD = gnu99;
				GCC_NO_COMMON_BLOCKS = YES;
				GCC_WARN_64_TO_32_BIT_CONVERSION = YES;
				GCC_WARN_ABOUT_RETURN_TYPE = YES_ERROR;
				GCC_WARN_UNDECLARED_SELECTOR = YES;
				GCC_WARN_UNINITIALIZED_AUTOS = YES_AGGRESSIVE;
				GCC_WARN_UNUSED_FUNCTION = YES;
				GCC_WARN_UNUSED_VARIABLE = YES;
				IPHONEOS_DEPLOYMENT_TARGET = 9.2;
				MTL_ENABLE_DEBUG_INFO = NO;
				SDKROOT = iphoneos;
				VALIDATE_PRODUCT = YES;
			};
			name = Release;
		};
		6659C58F1C5B92E1003C40B1 /* Debug */ = {
			isa = XCBuildConfiguration;
			buildSettings = {
				ASSETCATALOG_COMPILER_APPICON_NAME = AppIcon;
				INFOPLIST_FILE = NiinjaDev/Info.plist;
				LD_RUNPATH_SEARCH_PATHS = "$(inherited) @executable_path/Frameworks";
				PRODUCT_BUNDLE_IDENTIFIER = com.iliev.nikana.NiinjaDev;
				PRODUCT_NAME = "$(TARGET_NAME)";
			};
			name = Debug;
		};
		6659C5901C5B92E1003C40B1 /* Release */ = {
			isa = XCBuildConfiguration;
			buildSettings = {
				ASSETCATALOG_COMPILER_APPICON_NAME = AppIcon;
				INFOPLIST_FILE = NiinjaDev/Info.plist;
				LD_RUNPATH_SEARCH_PATHS = "$(inherited) @executable_path/Frameworks";
				PRODUCT_BUNDLE_IDENTIFIER = com.iliev.nikana.NiinjaDev;
				PRODUCT_NAME = "$(TARGET_NAME)";
			};
			name = Release;
		};
/* End XCBuildConfiguration section */

/* Begin XCConfigurationList section */
		6659C56D1C5B92E0003C40B1 /* Build configuration list for PBXProject "NiinjaDev" */ = {
			isa = XCConfigurationList;
			buildConfigurations = (
				6659C58C1C5B92E1003C40B1 /* Debug */,
				6659C58D1C5B92E1003C40B1 /* Release */,
			);
			defaultConfigurationIsVisible = 0;
			defaultConfigurationName = Release;
		};
		6659C58E1C5B92E1003C40B1 /* Build configuration list for PBXNativeTarget "NiinjaDev" */ = {
			isa = XCConfigurationList;
			buildConfigurations = (
				6659C58F1C5B92E1003C40B1 /* Debug */,
				6659C5901C5B92E1003C40B1 /* Release */,
			);
			defaultConfigurationIsVisible = 0;
			defaultConfigurationName = Release;
		};
/* End XCConfigurationList section */

/* Begin XCVersionGroup section */
		665393391C64D73C00D82F8A /* Scoreboard.xcdatamodeld */ = {
			isa = XCVersionGroup;
			children = (
				6653933A1C64D73C00D82F8A /* Scoreboard.xcdatamodel */,
			);
			currentVersion = 6653933A1C64D73C00D82F8A /* Scoreboard.xcdatamodel */;
			path = Scoreboard.xcdatamodeld;
			sourceTree = "<group>";
			versionGroupType = wrapper.xcdatamodel;
		};
/* End XCVersionGroup section */
	};
	rootObject = 6659C56A1C5B92E0003C40B1 /* Project object */;
}
